
Microsoft Visual Studio Solution File, Format Version 12.00
# Visual Studio Version 16
VisualStudioVersion = 16.0.33328.57
MinimumVisualStudioVersion = 10.0.40219.1
Project("{FAE04EC0-301F-11D3-BF4B-00C04F79EFBC}") = "CarInsurance", "CarInsurance\CarInsurance.csproj", "{037533D1-CB11-47B6-8FB8-661D6FEA91A2}"
EndProject
Global
	GlobalSection(SolutionConfigurationPlatforms) = preSolution
		Debug|Any CPU = Debug|Any CPU
		Release|Any CPU = Release|Any CPU
	EndGlobalSection
	GlobalSection(ProjectConfigurationPlatforms) = postSolution
		{037533D1-CB11-47B6-8FB8-661D6FEA91A2}.Debug|Any CPU.ActiveCfg = Debug|Any CPU
		{037533D1-CB11-47B6-8FB8-661D6FEA91A2}.Debug|Any CPU.Build.0 = Debug|Any CPU
		{037533D1-CB11-47B6-8FB8-661D6FEA91A2}.Release|Any CPU.ActiveCfg = Release|Any CPU
		{037533D1-CB11-47B6-8FB8-661D6FEA91A2}.Release|Any CPU.Build.0 = Release|Any CPU
	EndGlobalSection
	GlobalSection(SolutionProperties) = preSolution
		HideSolutionNode = FALSE
	EndGlobalSection
	GlobalSection(ExtensibilityGlobals) = postSolution
		SolutionGuid = {F69258DC-6223-4616-A3CD-E9D9F5BC44D5}
	EndGlobalSection
EndGlobal
