
Microsoft Visual Studio Solution File, Format Version 12.00
# Visual Studio Version 16
VisualStudioVersion = 16.0.33328.57
MinimumVisualStudioVersion = 10.0.40219.1
Project("{FAE04EC0-301F-11D3-BF4B-00C04F79EFBC}") = "CarInsurance", "CarInsurance\CarInsurance.csproj", "{FCEF318F-8050-4047-929D-DD1F56CA603B}"
EndProject
Global
	GlobalSection(SolutionConfigurationPlatforms) = preSolution
		Debug|Any CPU = Debug|Any CPU
		Release|Any CPU = Release|Any CPU
	EndGlobalSection
	GlobalSection(ProjectConfigurationPlatforms) = postSolution
		{FCEF318F-8050-4047-929D-DD1F56CA603B}.Debug|Any CPU.ActiveCfg = Debug|Any CPU
		{FCEF318F-8050-4047-929D-DD1F56CA603B}.Debug|Any CPU.Build.0 = Debug|Any CPU
		{FCEF318F-8050-4047-929D-DD1F56CA603B}.Release|Any CPU.ActiveCfg = Release|Any CPU
		{FCEF318F-8050-4047-929D-DD1F56CA603B}.Release|Any CPU.Build.0 = Release|Any CPU
	EndGlobalSection
	GlobalSection(SolutionProperties) = preSolution
		HideSolutionNode = FALSE
	EndGlobalSection
	GlobalSection(ExtensibilityGlobals) = postSolution
		SolutionGuid = {A016E6AB-0B1C-4649-AF1F-27F6AA72A033}
	EndGlobalSection
EndGlobal
