
Microsoft Visual Studio Solution File, Format Version 12.00
# Visual Studio Version 16
VisualStudioVersion = 16.0.33423.256
MinimumVisualStudioVersion = 10.0.40219.1
Project("{FAE04EC0-301F-11D3-BF4B-00C04F79EFBC}") = "CodeFirstDBAssign", "CodeFirstDBAssign\CodeFirstDBAssign.csproj", "{D5B2F499-129E-45CC-973C-D914DE153BDB}"
EndProject
Global
	GlobalSection(SolutionConfigurationPlatforms) = preSolution
		Debug|Any CPU = Debug|Any CPU
		Release|Any CPU = Release|Any CPU
	EndGlobalSection
	GlobalSection(ProjectConfigurationPlatforms) = postSolution
		{D5B2F499-129E-45CC-973C-D914DE153BDB}.Debug|Any CPU.ActiveCfg = Debug|Any CPU
		{D5B2F499-129E-45CC-973C-D914DE153BDB}.Debug|Any CPU.Build.0 = Debug|Any CPU
		{D5B2F499-129E-45CC-973C-D914DE153BDB}.Release|Any CPU.ActiveCfg = Release|Any CPU
		{D5B2F499-129E-45CC-973C-D914DE153BDB}.Release|Any CPU.Build.0 = Release|Any CPU
	EndGlobalSection
	GlobalSection(SolutionProperties) = preSolution
		HideSolutionNode = FALSE
	EndGlobalSection
	GlobalSection(ExtensibilityGlobals) = postSolution
		SolutionGuid = {75C8190C-05F5-4299-A0BA-C00A8D5EFA87}
	EndGlobalSection
EndGlobal
